// !$*UTF8*$!
{
	archiveVersion = 1;
	classes = {
	};
	objectVersion = 50;
	objects = {

/* Begin PBXBuildFile section */
		049E9A4A26345DC600CB347F /* AppDelegate.swift in Sources */ = {isa = PBXBuildFile; fileRef = 049E9A4926345DC600CB347F /* AppDelegate.swift */; };
		049E9A4C26345DC600CB347F /* SceneDelegate.swift in Sources */ = {isa = PBXBuildFile; fileRef = 049E9A4B26345DC600CB347F /* SceneDelegate.swift */; };
		049E9A4E26345DC600CB347F /* ViewController.swift in Sources */ = {isa = PBXBuildFile; fileRef = 049E9A4D26345DC600CB347F /* ViewController.swift */; };
		049E9A5126345DC600CB347F /* Main.storyboard in Resources */ = {isa = PBXBuildFile; fileRef = 049E9A4F26345DC600CB347F /* Main.storyboard */; };
		049E9A5326345DCA00CB347F /* Assets.xcassets in Resources */ = {isa = PBXBuildFile; fileRef = 049E9A5226345DCA00CB347F /* Assets.xcassets */; };
		049E9A5626345DCA00CB347F /* LaunchScreen.storyboard in Resources */ = {isa = PBXBuildFile; fileRef = 049E9A5426345DCA00CB347F /* LaunchScreen.storyboard */; };
		049E9A6026345DD900CB347F /* Game.swift in Sources */ = {isa = PBXBuildFile; fileRef = 049E9A5F26345DD900CB347F /* Game.swift */; };
		049E9A6526345F9100CB347F /* GameViewModel.swift in Sources */ = {isa = PBXBuildFile; fileRef = 049E9A6426345F9100CB347F /* GameViewModel.swift */; };
		049E9A7B26345FDF00CB347F /* UIViewController+CollectionView.swift in Sources */ = {isa = PBXBuildFile; fileRef = 049E9A7A26345FDF00CB347F /* UIViewController+CollectionView.swift */; };
/* End PBXBuildFile section */

/* Begin PBXFileReference section */
		049E9A4626345DC600CB347F /* FindMeGame.app */ = {isa = PBXFileReference; explicitFileType = wrapper.application; includeInIndex = 0; path = FindMeGame.app; sourceTree = BUILT_PRODUCTS_DIR; };
		049E9A4926345DC600CB347F /* AppDelegate.swift */ = {isa = PBXFileReference; lastKnownFileType = sourcecode.swift; path = AppDelegate.swift; sourceTree = "<group>"; };
		049E9A4B26345DC600CB347F /* SceneDelegate.swift */ = {isa = PBXFileReference; lastKnownFileType = sourcecode.swift; path = SceneDelegate.swift; sourceTree = "<group>"; };
		049E9A4D26345DC600CB347F /* ViewController.swift */ = {isa = PBXFileReference; lastKnownFileType = sourcecode.swift; path = ViewController.swift; sourceTree = "<group>"; };
		049E9A5026345DC600CB347F /* Base */ = {isa = PBXFileReference; lastKnownFileType = file.storyboard; name = Base; path = Base.lproj/Main.storyboard; sourceTree = "<group>"; };
		049E9A5226345DCA00CB347F /* Assets.xcassets */ = {isa = PBXFileReference; lastKnownFileType = folder.assetcatalog; path = Assets.xcassets; sourceTree = "<group>"; };
		049E9A5526345DCA00CB347F /* Base */ = {isa = PBXFileReference; lastKnownFileType = file.storyboard; name = Base; path = Base.lproj/LaunchScreen.storyboard; sourceTree = "<group>"; };
		049E9A5726345DCA00CB347F /* Info.plist */ = {isa = PBXFileReference; lastKnownFileType = text.plist.xml; path = Info.plist; sourceTree = "<group>"; };
		049E9A5F26345DD900CB347F /* Game.swift */ = {isa = PBXFileReference; lastKnownFileType = sourcecode.swift; path = Game.swift; sourceTree = "<group>"; };
		049E9A6426345F9100CB347F /* GameViewModel.swift */ = {isa = PBXFileReference; lastKnownFileType = sourcecode.swift; path = GameViewModel.swift; sourceTree = "<group>"; };
		049E9A7A26345FDF00CB347F /* UIViewController+CollectionView.swift */ = {isa = PBXFileReference; lastKnownFileType = sourcecode.swift; path = "UIViewController+CollectionView.swift"; sourceTree = "<group>"; };
/* End PBXFileReference section */

/* Begin PBXFrameworksBuildPhase section */
		049E9A4326345DC600CB347F /* Frameworks */ = {
			isa = PBXFrameworksBuildPhase;
			buildActionMask = 2147483647;
			files = (
			);
			runOnlyForDeploymentPostprocessing = 0;
		};
/* End PBXFrameworksBuildPhase section */

/* Begin PBXGroup section */
		049E9A3D26345DC600CB347F = {
			isa = PBXGroup;
			children = (
				049E9A4826345DC600CB347F /* FindMeGame */,
				049E9A4726345DC600CB347F /* Products */,
			);
			sourceTree = "<group>";
		};
		049E9A4726345DC600CB347F /* Products */ = {
			isa = PBXGroup;
			children = (
				049E9A4626345DC600CB347F /* FindMeGame.app */,
			);
			name = Products;
			sourceTree = "<group>";
		};
		049E9A4826345DC600CB347F /* FindMeGame */ = {
			isa = PBXGroup;
			children = (
				049E9A7926345FD100CB347F /* Extensions */,
				049E9A6326345E1200CB347F /* ViewModels */,
				049E9A5E26345DD100CB347F /* Models */,
				049E9A4926345DC600CB347F /* AppDelegate.swift */,
				049E9A4B26345DC600CB347F /* SceneDelegate.swift */,
				049E9A4D26345DC600CB347F /* ViewController.swift */,
				049E9A4F26345DC600CB347F /* Main.storyboard */,
				049E9A5226345DCA00CB347F /* Assets.xcassets */,
				049E9A5426345DCA00CB347F /* LaunchScreen.storyboard */,
				049E9A5726345DCA00CB347F /* Info.plist */,
			);
			path = FindMeGame;
			sourceTree = "<group>";
		};
		049E9A5E26345DD100CB347F /* Models */ = {
			isa = PBXGroup;
			children = (
				049E9A5F26345DD900CB347F /* Game.swift */,
			);
			path = Models;
			sourceTree = "<group>";
		};
		049E9A6326345E1200CB347F /* ViewModels */ = {
			isa = PBXGroup;
			children = (
				049E9A6426345F9100CB347F /* GameViewModel.swift */,
			);
			path = ViewModels;
			sourceTree = "<group>";
		};
		049E9A7926345FD100CB347F /* Extensions */ = {
			isa = PBXGroup;
			children = (
				049E9A7A26345FDF00CB347F /* UIViewController+CollectionView.swift */,
			);
			path = Extensions;
			sourceTree = "<group>";
		};
/* End PBXGroup section */

/* Begin PBXNativeTarget section */
		049E9A4526345DC600CB347F /* FindMeGame */ = {
			isa = PBXNativeTarget;
			buildConfigurationList = 049E9A5A26345DCA00CB347F /* Build configuration list for PBXNativeTarget "FindMeGame" */;
			buildPhases = (
				049E9A4226345DC600CB347F /* Sources */,
				049E9A4326345DC600CB347F /* Frameworks */,
				049E9A4426345DC600CB347F /* Resources */,
			);
			buildRules = (
			);
			dependencies = (
			);
			name = FindMeGame;
			productName = FindMeGame;
			productReference = 049E9A4626345DC600CB347F /* FindMeGame.app */;
			productType = "com.apple.product-type.application";
		};
/* End PBXNativeTarget section */

/* Begin PBXProject section */
		049E9A3E26345DC600CB347F /* Project object */ = {
			isa = PBXProject;
			attributes = {
				LastSwiftUpdateCheck = 1230;
				LastUpgradeCheck = 1230;
				TargetAttributes = {
					049E9A4526345DC600CB347F = {
						CreatedOnToolsVersion = 12.3;
					};
				};
			};
			buildConfigurationList = 049E9A4126345DC600CB347F /* Build configuration list for PBXProject "FindMeGame" */;
			compatibilityVersion = "Xcode 9.3";
			developmentRegion = en;
			hasScannedForEncodings = 0;
			knownRegions = (
				en,
				Base,
			);
			mainGroup = 049E9A3D26345DC600CB347F;
			productRefGroup = 049E9A4726345DC600CB347F /* Products */;
			projectDirPath = "";
			projectRoot = "";
			targets = (
				049E9A4526345DC600CB347F /* FindMeGame */,
			);
		};
/* End PBXProject section */

/* Begin PBXResourcesBuildPhase section */
		049E9A4426345DC600CB347F /* Resources */ = {
			isa = PBXResourcesBuildPhase;
			buildActionMask = 2147483647;
			files = (
				049E9A5626345DCA00CB347F /* LaunchScreen.storyboard in Resources */,
				049E9A5326345DCA00CB347F /* Assets.xcassets in Resources */,
				049E9A5126345DC600CB347F /* Main.storyboard in Resources */,
			);
			runOnlyForDeploymentPostprocessing = 0;
		};
/* End PBXResourcesBuildPhase section */

/* Begin PBXSourcesBuildPhase section */
		049E9A4226345DC600CB347F /* Sources */ = {
			isa = PBXSourcesBuildPhase;
			buildActionMask = 2147483647;
			files = (
				049E9A4E26345DC600CB347F /* ViewController.swift in Sources */,
				049E9A4A26345DC600CB347F /* AppDelegate.swift in Sources */,
				049E9A4C26345DC600CB347F /* SceneDelegate.swift in Sources */,
				049E9A6526345F9100CB347F /* GameViewModel.swift in Sources */,
				049E9A6026345DD900CB347F /* Game.swift in Sources */,
				049E9A7B26345FDF00CB347F /* UIViewController+CollectionView.swift in Sources */,
			);
			runOnlyForDeploymentPostprocessing = 0;
		};
/* End PBXSourcesBuildPhase section */

/* Begin PBXVariantGroup section */
		049E9A4F26345DC600CB347F /* Main.storyboard */ = {
			isa = PBXVariantGroup;
			children = (
				049E9A5026345DC600CB347F /* Base */,
			);
			name = Main.storyboard;
			sourceTree = "<group>";
		};
		049E9A5426345DCA00CB347F /* LaunchScreen.storyboard */ = {
			isa = PBXVariantGroup;
			children = (
				049E9A5526345DCA00CB347F /* Base */,
			);
			name = LaunchScreen.storyboard;
			sourceTree = "<group>";
		};
/* End PBXVariantGroup section */

/* Begin XCBuildConfiguration section */
		049E9A5826345DCA00CB347F /* Debug */ = {
			isa = XCBuildConfiguration;
			buildSettings = {
				ALWAYS_SEARCH_USER_PATHS = NO;
				CLANG_ANALYZER_NONNULL = YES;
				CLANG_ANALYZER_NUMBER_OBJECT_CONVERSION = YES_AGGRESSIVE;
				CLANG_CXX_LANGUAGE_STANDARD = "gnu++14";
				CLANG_CXX_LIBRARY = "libc++";
				CLANG_ENABLE_MODULES = YES;
				CLANG_ENABLE_OBJC_ARC = YES;
				CLANG_ENABLE_OBJC_WEAK = YES;
				CLANG_WARN_BLOCK_CAPTURE_AUTORELEASING = YES;
				CLANG_WARN_BOOL_CONVERSION = YES;
				CLANG_WARN_COMMA = YES;
				CLANG_WARN_CONSTANT_CONVERSION = YES;
				CLANG_WARN_DEPRECATED_OBJC_IMPLEMENTATIONS = YES;
				CLANG_WARN_DIRECT_OBJC_ISA_USAGE = YES_ERROR;
				CLANG_WARN_DOCUMENTATION_COMMENTS = YES;
				CLANG_WARN_EMPTY_BODY = YES;
				CLANG_WARN_ENUM_CONVERSION = YES;
				CLANG_WARN_INFINITE_RECURSION = YES;
				CLANG_WARN_INT_CONVERSION = YES;
				CLANG_WARN_NON_LITERAL_NULL_CONVERSION = YES;
				CLANG_WARN_OBJC_IMPLICIT_RETAIN_SELF = YES;
				CLANG_WARN_OBJC_LITERAL_CONVERSION = YES;
				CLANG_WARN_OBJC_ROOT_CLASS = YES_ERROR;
				CLANG_WARN_QUOTED_INCLUDE_IN_FRAMEWORK_HEADER = YES;
				CLANG_WARN_RANGE_LOOP_ANALYSIS = YES;
				CLANG_WARN_STRICT_PROTOTYPES = YES;
				CLANG_WARN_SUSPICIOUS_MOVE = YES;
				CLANG_WARN_UNGUARDED_AVAILABILITY = YES_AGGRESSIVE;
				CLANG_WARN_UNREACHABLE_CODE = YES;
				CLANG_WARN__DUPLICATE_METHOD_MATCH = YES;
				COPY_PHASE_STRIP = NO;
				DEBUG_INFORMATION_FORMAT = dwarf;
				ENABLE_STRICT_OBJC_MSGSEND = YES;
				ENABLE_TESTABILITY = YES;
				GCC_C_LANGUAGE_STANDARD = gnu11;
				GCC_DYNAMIC_NO_PIC = NO;
				GCC_NO_COMMON_BLOCKS = YES;
				GCC_OPTIMIZATION_LEVEL = 0;
				GCC_PREPROCESSOR_DEFINITIONS = (
					"DEBUG=1",
					"$(inherited)",
				);
				GCC_WARN_64_TO_32_BIT_CONVERSION = YES;
				GCC_WARN_ABOUT_RETURN_TYPE = YES_ERROR;
				GCC_WARN_UNDECLARED_SELECTOR = YES;
				GCC_WARN_UNINITIALIZED_AUTOS = YES_AGGRESSIVE;
				GCC_WARN_UNUSED_FUNCTION = YES;
				GCC_WARN_UNUSED_VARIABLE = YES;
				IPHONEOS_DEPLOYMENT_TARGET = 14.3;
				MTL_ENABLE_DEBUG_INFO = INCLUDE_SOURCE;
				MTL_FAST_MATH = YES;
				ONLY_ACTIVE_ARCH = YES;
				SDKROOT = iphoneos;
				SWIFT_ACTIVE_COMPILATION_CONDITIONS = DEBUG;
				SWIFT_OPTIMIZATION_LEVEL = "-Onone";
			};
			name = Debug;
		};
		049E9A5926345DCA00CB347F /* Release */ = {
			isa = XCBuildConfiguration;
			buildSettings = {
				ALWAYS_SEARCH_USER_PATHS = NO;
				CLANG_ANALYZER_NONNULL = YES;
				CLANG_ANALYZER_NUMBER_OBJECT_CONVERSION = YES_AGGRESSIVE;
				CLANG_CXX_LANGUAGE_STANDARD = "gnu++14";
				CLANG_CXX_LIBRARY = "libc++";
				CLANG_ENABLE_MODULES = YES;
				CLANG_ENABLE_OBJC_ARC = YES;
				CLANG_ENABLE_OBJC_WEAK = YES;
				CLANG_WARN_BLOCK_CAPTURE_AUTORELEASING = YES;
				CLANG_WARN_BOOL_CONVERSION = YES;
				CLANG_WARN_COMMA = YES;
				CLANG_WARN_CONSTANT_CONVERSION = YES;
				CLANG_WARN_DEPRECATED_OBJC_IMPLEMENTATIONS = YES;
				CLANG_WARN_DIRECT_OBJC_ISA_USAGE = YES_ERROR;
				CLANG_WARN_DOCUMENTATION_COMMENTS = YES;
				CLANG_WARN_EMPTY_BODY = YES;
				CLANG_WARN_ENUM_CONVERSION = YES;
				CLANG_WARN_INFINITE_RECURSION = YES;
				CLANG_WARN_INT_CONVERSION = YES;
				CLANG_WARN_NON_LITERAL_NULL_CONVERSION = YES;
				CLANG_WARN_OBJC_IMPLICIT_RETAIN_SELF = YES;
				CLANG_WARN_OBJC_LITERAL_CONVERSION = YES;
				CLANG_WARN_OBJC_ROOT_CLASS = YES_ERROR;
				CLANG_WARN_QUOTED_INCLUDE_IN_FRAMEWORK_HEADER = YES;
				CLANG_WARN_RANGE_LOOP_ANALYSIS = YES;
				CLANG_WARN_STRICT_PROTOTYPES = YES;
				CLANG_WARN_SUSPICIOUS_MOVE = YES;
				CLANG_WARN_UNGUARDED_AVAILABILITY = YES_AGGRESSIVE;
				CLANG_WARN_UNREACHABLE_CODE = YES;
				CLANG_WARN__DUPLICATE_METHOD_MATCH = YES;
				COPY_PHASE_STRIP = NO;
				DEBUG_INFORMATION_FORMAT = "dwarf-with-dsym";
				ENABLE_NS_ASSERTIONS = NO;
				ENABLE_STRICT_OBJC_MSGSEND = YES;
				GCC_C_LANGUAGE_STANDARD = gnu11;
				GCC_NO_COMMON_BLOCKS = YES;
				GCC_WARN_64_TO_32_BIT_CONVERSION = YES;
				GCC_WARN_ABOUT_RETURN_TYPE = YES_ERROR;
				GCC_WARN_UNDECLARED_SELECTOR = YES;
				GCC_WARN_UNINITIALIZED_AUTOS = YES_AGGRESSIVE;
				GCC_WARN_UNUSED_FUNCTION = YES;
				GCC_WARN_UNUSED_VARIABLE = YES;
				IPHONEOS_DEPLOYMENT_TARGET = 14.3;
				MTL_ENABLE_DEBUG_INFO = NO;
				MTL_FAST_MATH = YES;
				SDKROOT = iphoneos;
				SWIFT_COMPILATION_MODE = wholemodule;
				SWIFT_OPTIMIZATION_LEVEL = "-O";
				VALIDATE_PRODUCT = YES;
			};
			name = Release;
		};
		049E9A5B26345DCA00CB347F /* Debug */ = {
			isa = XCBuildConfiguration;
			buildSettings = {
				ASSETCATALOG_COMPILER_APPICON_NAME = AppIcon;
				ASSETCATALOG_COMPILER_GLOBAL_ACCENT_COLOR_NAME = AccentColor;
				CODE_SIGN_STYLE = Automatic;
				DEVELOPMENT_TEAM = TU4F8N8QXW;
				INFOPLIST_FILE = FindMeGame/Info.plist;
				IPHONEOS_DEPLOYMENT_TARGET = 13.0;
				LD_RUNPATH_SEARCH_PATHS = (
					"$(inherited)",
					"@executable_path/Frameworks",
				);
				PRODUCT_BUNDLE_IDENTIFIER = me.myself.i.FindMeGame;
				PRODUCT_NAME = "$(TARGET_NAME)";
				SWIFT_VERSION = 5.0;
				TARGETED_DEVICE_FAMILY = 1;
			};
			name = Debug;
		};
		049E9A5C26345DCA00CB347F /* Release */ = {
			isa = XCBuildConfiguration;
			buildSettings = {
				ASSETCATALOG_COMPILER_APPICON_NAME = AppIcon;
				ASSETCATALOG_COMPILER_GLOBAL_ACCENT_COLOR_NAME = AccentColor;
				CODE_SIGN_STYLE = Automatic;
				DEVELOPMENT_TEAM = TU4F8N8QXW;
				INFOPLIST_FILE = FindMeGame/Info.plist;
				IPHONEOS_DEPLOYMENT_TARGET = 13.0;
				LD_RUNPATH_SEARCH_PATHS = (
					"$(inherited)",
					"@executable_path/Frameworks",
				);
				PRODUCT_BUNDLE_IDENTIFIER = me.myself.i.FindMeGame;
				PRODUCT_NAME = "$(TARGET_NAME)";
				SWIFT_VERSION = 5.0;
				TARGETED_DEVICE_FAMILY = 1;
			};
			name = Release;
		};
/* End XCBuildConfiguration section */

/* Begin XCConfigurationList section */
		049E9A4126345DC600CB347F /* Build configuration list for PBXProject "FindMeGame" */ = {
			isa = XCConfigurationList;
			buildConfigurations = (
				049E9A5826345DCA00CB347F /* Debug */,
				049E9A5926345DCA00CB347F /* Release */,
			);
			defaultConfigurationIsVisible = 0;
			defaultConfigurationName = Release;
		};
		049E9A5A26345DCA00CB347F /* Build configuration list for PBXNativeTarget "FindMeGame" */ = {
			isa = XCConfigurationList;
			buildConfigurations = (
				049E9A5B26345DCA00CB347F /* Debug */,
				049E9A5C26345DCA00CB347F /* Release */,
			);
			defaultConfigurationIsVisible = 0;
			defaultConfigurationName = Release;
		};
/* End XCConfigurationList section */
	};
	rootObject = 049E9A3E26345DC600CB347F /* Project object */;
}
